
Microsoft Visual Studio Solution File, Format Version 11.00
# Visual Studio 2010
Project("{8BC9CEB8-8B4A-11D0-8D11-00A0C91BC942}") = "CadSurf", "cadsurf\CadSurf.vcxproj", "{EF9D7A9A-2C4F-4631-A462-B309E4E98F86}"
EndProject
Project("{8BC9CEB8-8B4A-11D0-8D11-00A0C91BC942}") = "VKGeom", "VKernel\VKGeom\VKGeom.vcxproj", "{D7FE8D46-7096-48B1-B782-ED03A8740D7E}"
EndProject
Project("{8BC9CEB8-8B4A-11D0-8D11-00A0C91BC942}") = "VKGraphic", "VKernel\VKGraphic\VKGraphic.vcxproj", "{0F460F57-8551-4B68-B944-4916EFB73D11}"
EndProject
Global
	GlobalSection(SolutionConfigurationPlatforms) = preSolution
		Debug|Win32 = Debug|Win32
		Release|Win32 = Release|Win32
	EndGlobalSection
	GlobalSection(ProjectConfigurationPlatforms) = postSolution
		{EF9D7A9A-2C4F-4631-A462-B309E4E98F86}.Debug|Win32.ActiveCfg = Debug|Win32
		{EF9D7A9A-2C4F-4631-A462-B309E4E98F86}.Debug|Win32.Build.0 = Debug|Win32
		{EF9D7A9A-2C4F-4631-A462-B309E4E98F86}.Release|Win32.ActiveCfg = Release|Win32
		{EF9D7A9A-2C4F-4631-A462-B309E4E98F86}.Release|Win32.Build.0 = Release|Win32
		{D7FE8D46-7096-48B1-B782-ED03A8740D7E}.Debug|Win32.ActiveCfg = Debug|Win32
		{D7FE8D46-7096-48B1-B782-ED03A8740D7E}.Debug|Win32.Build.0 = Debug|Win32
		{D7FE8D46-7096-48B1-B782-ED03A8740D7E}.Release|Win32.ActiveCfg = Release|Win32
		{D7FE8D46-7096-48B1-B782-ED03A8740D7E}.Release|Win32.Build.0 = Release|Win32
		{0F460F57-8551-4B68-B944-4916EFB73D11}.Debug|Win32.ActiveCfg = Debug|Win32
		{0F460F57-8551-4B68-B944-4916EFB73D11}.Debug|Win32.Build.0 = Debug|Win32
		{0F460F57-8551-4B68-B944-4916EFB73D11}.Release|Win32.ActiveCfg = Release|Win32
		{0F460F57-8551-4B68-B944-4916EFB73D11}.Release|Win32.Build.0 = Release|Win32
	EndGlobalSection
	GlobalSection(SolutionProperties) = preSolution
		HideSolutionNode = FALSE
	EndGlobalSection
EndGlobal
