<?xml version="1.0" encoding="utf-8"?>
<Project ToolsVersion="4.0" xmlns="http://schemas.microsoft.com/developer/msbuild/2003">
  <ItemGroup>
    <Filter Include="Source Files">
      <UniqueIdentifier>{caf26f32-083b-4876-992d-7de54a53013d}</UniqueIdentifier>
      <Extensions>cpp;c;cxx;rc;def;r;odl;idl;hpj;bat</Extensions>
    </Filter>
    <Filter Include="Header Files">
      <UniqueIdentifier>{0d7c6a21-6e71-40fc-bb4b-23b99c6d4003}</UniqueIdentifier>
      <Extensions>h;hpp;hxx;hm;inl</Extensions>
    </Filter>
    <Filter Include="Resource Files">
      <UniqueIdentifier>{b89a50f5-a8cd-44ae-8d71-8f3047c502ed}</UniqueIdentifier>
      <Extensions>ico;cur;bmp;dlg;rc2;rct;bin;rgs;gif;jpg;jpeg;jpe</Extensions>
    </Filter>
  </ItemGroup>
  <ItemGroup>
    <ClCompile Include="Arc.cpp">
      <Filter>Source Files</Filter>
    </ClCompile>
    <ClCompile Include="AxisSystem.cpp">
      <Filter>Source Files</Filter>
    </ClCompile>
    <ClCompile Include="BasicSurface.cpp">
      <Filter>Source Files</Filter>
    </ClCompile>
    <ClCompile Include="BezierCurve.cpp">
      <Filter>Source Files</Filter>
    </ClCompile>
    <ClCompile Include="BoundingBox.cpp">
      <Filter>Source Files</Filter>
    </ClCompile>
    <ClCompile Include="Bsp.cpp">
      <Filter>Source Files</Filter>
    </ClCompile>
    <ClCompile Include="BSplineCurve.cpp">
      <Filter>Source Files</Filter>
    </ClCompile>
    <ClCompile Include="Circle3D.cpp">
      <Filter>Source Files</Filter>
    </ClCompile>
    <ClCompile Include="Cone.cpp">
      <Filter>Source Files</Filter>
    </ClCompile>
    <ClCompile Include="Conic.cpp">
      <Filter>Source Files</Filter>
    </ClCompile>
    <ClCompile Include="Curve.cpp">
      <Filter>Source Files</Filter>
    </ClCompile>
    <ClCompile Include="Curve2D.cpp">
      <Filter>Source Files</Filter>
    </ClCompile>
    <ClCompile Include="Cylinder.cpp">
      <Filter>Source Files</Filter>
    </ClCompile>
    <ClCompile Include="Ellipse3D.cpp">
      <Filter>Source Files</Filter>
    </ClCompile>
    <ClCompile Include="ExtrudedSurface.cpp">
      <Filter>Source Files</Filter>
    </ClCompile>
    <ClCompile Include="Geometry.cpp">
      <Filter>Source Files</Filter>
    </ClCompile>
    <ClCompile Include="Geometry2D.cpp">
      <Filter>Source Files</Filter>
    </ClCompile>
    <ClCompile Include="GeomException.cpp">
      <Filter>Source Files</Filter>
    </ClCompile>
    <ClCompile Include="Helix.cpp">
      <Filter>Source Files</Filter>
    </ClCompile>
    <ClCompile Include="Hyperbola3D.cpp">
      <Filter>Source Files</Filter>
    </ClCompile>
    <ClCompile Include="Line2D.cpp">
      <Filter>Source Files</Filter>
    </ClCompile>
    <ClCompile Include="Line3D.cpp">
      <Filter>Source Files</Filter>
    </ClCompile>
    <ClCompile Include="ListException.cpp">
      <Filter>Source Files</Filter>
    </ClCompile>
    <ClCompile Include="ListIteratorOfListOfCOneAxis.cpp">
      <Filter>Source Files</Filter>
    </ClCompile>
    <ClCompile Include="ListIteratorOfListOfCPoint3D.cpp">
      <Filter>Source Files</Filter>
    </ClCompile>
    <ClCompile Include="ListIteratorOfListOfCTriangle.cpp">
      <Filter>Source Files</Filter>
    </ClCompile>
    <ClCompile Include="ListNodeOfCOneAxis.cpp">
      <Filter>Source Files</Filter>
    </ClCompile>
    <ClCompile Include="ListNodeOfCPoint3D.cpp">
      <Filter>Source Files</Filter>
    </ClCompile>
    <ClCompile Include="ListNodeOfCTriangle.cpp">
      <Filter>Source Files</Filter>
    </ClCompile>
    <ClCompile Include="ListOfCOneAxis.cpp">
      <Filter>Source Files</Filter>
    </ClCompile>
    <ClCompile Include="ListOfCPoint3D.cpp">
      <Filter>Source Files</Filter>
    </ClCompile>
    <ClCompile Include="ListOfCTriangle.cpp">
      <Filter>Source Files</Filter>
    </ClCompile>
    <ClCompile Include="Matrix22.cpp">
      <Filter>Source Files</Filter>
    </ClCompile>
    <ClCompile Include="Matrix33.cpp">
      <Filter>Source Files</Filter>
    </ClCompile>
    <ClCompile Include="MMath.cpp">
      <Filter>Source Files</Filter>
    </ClCompile>
    <ClCompile Include="OffsetCurve.cpp">
      <Filter>Source Files</Filter>
    </ClCompile>
    <ClCompile Include="OffsetSurface.cpp">
      <Filter>Source Files</Filter>
    </ClCompile>
    <ClCompile Include="OneAxis.cpp">
      <Filter>Source Files</Filter>
    </ClCompile>
    <ClCompile Include="OneAxis2D.cpp">
      <Filter>Source Files</Filter>
    </ClCompile>
    <ClCompile Include="Parabola3D.cpp">
      <Filter>Source Files</Filter>
    </ClCompile>
    <ClCompile Include="PCurve.cpp">
      <Filter>Source Files</Filter>
    </ClCompile>
    <ClCompile Include="PipeSurface.cpp">
      <Filter>Source Files</Filter>
    </ClCompile>
    <ClCompile Include="Plane.cpp">
      <Filter>Source Files</Filter>
    </ClCompile>
    <ClCompile Include="Point2D.cpp">
      <Filter>Source Files</Filter>
    </ClCompile>
    <ClCompile Include="Point3D.cpp">
      <Filter>Source Files</Filter>
    </ClCompile>
    <ClCompile Include="RevolvedSurface.cpp">
      <Filter>Source Files</Filter>
    </ClCompile>
    <ClCompile Include="RuledSurface.cpp">
      <Filter>Source Files</Filter>
    </ClCompile>
    <ClCompile Include="Sphere.cpp">
      <Filter>Source Files</Filter>
    </ClCompile>
    <ClCompile Include="StdAfx.cpp">
      <Filter>Source Files</Filter>
    </ClCompile>
    <ClCompile Include="Surface.cpp">
      <Filter>Source Files</Filter>
    </ClCompile>
    <ClCompile Include="SweptSurface.cpp">
      <Filter>Source Files</Filter>
    </ClCompile>
    <ClCompile Include="Torus.cpp">
      <Filter>Source Files</Filter>
    </ClCompile>
    <ClCompile Include="Triangle.cpp">
      <Filter>Source Files</Filter>
    </ClCompile>
    <ClCompile Include="Vector2D.cpp">
      <Filter>Source Files</Filter>
    </ClCompile>
    <ClCompile Include="Vector3D.cpp">
      <Filter>Source Files</Filter>
    </ClCompile>
    <ClCompile Include="VKGeom.cpp">
      <Filter>Source Files</Filter>
    </ClCompile>
  </ItemGroup>
  <ItemGroup>
    <ClInclude Include="Arc.h">
      <Filter>Header Files</Filter>
    </ClInclude>
    <ClInclude Include="AxisSystem.h">
      <Filter>Header Files</Filter>
    </ClInclude>
    <ClInclude Include="BasicSurface.h">
      <Filter>Header Files</Filter>
    </ClInclude>
    <ClInclude Include="BezierCurve.h">
      <Filter>Header Files</Filter>
    </ClInclude>
    <ClInclude Include="BoundingBox.h">
      <Filter>Header Files</Filter>
    </ClInclude>
    <ClInclude Include="Bsp.h">
      <Filter>Header Files</Filter>
    </ClInclude>
    <ClInclude Include="BSplineCurve.h">
      <Filter>Header Files</Filter>
    </ClInclude>
    <ClInclude Include="Circle3D.h">
      <Filter>Header Files</Filter>
    </ClInclude>
    <ClInclude Include="Cone.h">
      <Filter>Header Files</Filter>
    </ClInclude>
    <ClInclude Include="Conic.h">
      <Filter>Header Files</Filter>
    </ClInclude>
    <ClInclude Include="Curve.h">
      <Filter>Header Files</Filter>
    </ClInclude>
    <ClInclude Include="Curve2D.h">
      <Filter>Header Files</Filter>
    </ClInclude>
    <ClInclude Include="Cylinder.h">
      <Filter>Header Files</Filter>
    </ClInclude>
    <ClInclude Include="Ellipse3D.h">
      <Filter>Header Files</Filter>
    </ClInclude>
    <ClInclude Include="ExtrudedSurface.h">
      <Filter>Header Files</Filter>
    </ClInclude>
    <ClInclude Include="Geometry.h">
      <Filter>Header Files</Filter>
    </ClInclude>
    <ClInclude Include="Geometry2D.h">
      <Filter>Header Files</Filter>
    </ClInclude>
    <ClInclude Include="GeomException.h">
      <Filter>Header Files</Filter>
    </ClInclude>
    <ClInclude Include="Helix.h">
      <Filter>Header Files</Filter>
    </ClInclude>
    <ClInclude Include="Hyperbola3D.h">
      <Filter>Header Files</Filter>
    </ClInclude>
    <ClInclude Include="Line2D.h">
      <Filter>Header Files</Filter>
    </ClInclude>
    <ClInclude Include="Line3D.h">
      <Filter>Header Files</Filter>
    </ClInclude>
    <ClInclude Include="ListException.h">
      <Filter>Header Files</Filter>
    </ClInclude>
    <ClInclude Include="ListIteratorOfListOfCOneAxis.h">
      <Filter>Header Files</Filter>
    </ClInclude>
    <ClInclude Include="ListIteratorOfListOfCPoint3D.h">
      <Filter>Header Files</Filter>
    </ClInclude>
    <ClInclude Include="ListIteratorOfListOfCTriangle.h">
      <Filter>Header Files</Filter>
    </ClInclude>
    <ClInclude Include="ListNodeOfCOneAxis.h">
      <Filter>Header Files</Filter>
    </ClInclude>
    <ClInclude Include="ListNodeOfCPoint3D.h">
      <Filter>Header Files</Filter>
    </ClInclude>
    <ClInclude Include="ListNodeOfCTriangle.h">
      <Filter>Header Files</Filter>
    </ClInclude>
    <ClInclude Include="ListOfCOneAxis.h">
      <Filter>Header Files</Filter>
    </ClInclude>
    <ClInclude Include="ListOfCPoint3D.h">
      <Filter>Header Files</Filter>
    </ClInclude>
    <ClInclude Include="ListOfCTriangle.h">
      <Filter>Header Files</Filter>
    </ClInclude>
    <ClInclude Include="Matrix22.h">
      <Filter>Header Files</Filter>
    </ClInclude>
    <ClInclude Include="Matrix33.h">
      <Filter>Header Files</Filter>
    </ClInclude>
    <ClInclude Include="MMath.h">
      <Filter>Header Files</Filter>
    </ClInclude>
    <ClInclude Include="OffsetCurve.h">
      <Filter>Header Files</Filter>
    </ClInclude>
    <ClInclude Include="OffsetSurface.h">
      <Filter>Header Files</Filter>
    </ClInclude>
    <ClInclude Include="OneAxis.h">
      <Filter>Header Files</Filter>
    </ClInclude>
    <ClInclude Include="OneAxis2D.h">
      <Filter>Header Files</Filter>
    </ClInclude>
    <ClInclude Include="Parabola3D.h">
      <Filter>Header Files</Filter>
    </ClInclude>
    <ClInclude Include="PCurve.h">
      <Filter>Header Files</Filter>
    </ClInclude>
    <ClInclude Include="PipeSurface.h">
      <Filter>Header Files</Filter>
    </ClInclude>
    <ClInclude Include="Plane.h">
      <Filter>Header Files</Filter>
    </ClInclude>
    <ClInclude Include="Point2D.h">
      <Filter>Header Files</Filter>
    </ClInclude>
    <ClInclude Include="Point3D.h">
      <Filter>Header Files</Filter>
    </ClInclude>
    <ClInclude Include="RevolvedSurface.h">
      <Filter>Header Files</Filter>
    </ClInclude>
    <ClInclude Include="RuledSurface.h">
      <Filter>Header Files</Filter>
    </ClInclude>
    <ClInclude Include="Sphere.h">
      <Filter>Header Files</Filter>
    </ClInclude>
    <ClInclude Include="StdAfx.h">
      <Filter>Header Files</Filter>
    </ClInclude>
    <ClInclude Include="Surface.h">
      <Filter>Header Files</Filter>
    </ClInclude>
    <ClInclude Include="SweptSurface.h">
      <Filter>Header Files</Filter>
    </ClInclude>
    <ClInclude Include="Torus.h">
      <Filter>Header Files</Filter>
    </ClInclude>
    <ClInclude Include="Triangle.h">
      <Filter>Header Files</Filter>
    </ClInclude>
    <ClInclude Include="Vector2D.h">
      <Filter>Header Files</Filter>
    </ClInclude>
    <ClInclude Include="Vector3D.h">
      <Filter>Header Files</Filter>
    </ClInclude>
    <ClInclude Include="VKGeom.h">
      <Filter>Header Files</Filter>
    </ClInclude>
  </ItemGroup>
  <ItemGroup>
    <None Include="ReadMe.txt" />
  </ItemGroup>
</Project>