<?xml version="1.0" encoding="utf-8"?>
<Project ToolsVersion="4.0" xmlns="http://schemas.microsoft.com/developer/msbuild/2003">
  <ItemGroup>
    <Filter Include="Source Files">
      <UniqueIdentifier>{498a35e3-7e77-4956-9924-082d83248c62}</UniqueIdentifier>
      <Extensions>cpp;c;cxx;rc;def;r;odl;idl;hpj;bat</Extensions>
    </Filter>
    <Filter Include="Header Files">
      <UniqueIdentifier>{bc2435e4-1b1c-4b62-a325-12a3dbfad7e0}</UniqueIdentifier>
      <Extensions>h;hpp;hxx;hm;inl</Extensions>
    </Filter>
    <Filter Include="Resource Files">
      <UniqueIdentifier>{e5b7a722-b2bf-4c25-bbeb-2cc6012fc42d}</UniqueIdentifier>
      <Extensions>ico;cur;bmp;dlg;rc2;rct;bin;rgs;gif;jpg;jpeg;jpe</Extensions>
    </Filter>
  </ItemGroup>
  <ItemGroup>
    <ClCompile Include="CadSurf.cpp">
      <Filter>Source Files</Filter>
    </ClCompile>
    <ClCompile Include="CadSurfDoc.cpp">
      <Filter>Source Files</Filter>
    </ClCompile>
    <ClCompile Include="CadSurfView.cpp">
      <Filter>Source Files</Filter>
    </ClCompile>
    <ClCompile Include="ChildFrm.cpp">
      <Filter>Source Files</Filter>
    </ClCompile>
    <ClCompile Include="GLDisplayContext.cpp">
      <Filter>Source Files</Filter>
    </ClCompile>
    <ClCompile Include="GLView.cpp">
      <Filter>Source Files</Filter>
    </ClCompile>
    <ClCompile Include="GridDlg.cpp">
      <Filter>Source Files</Filter>
    </ClCompile>
    <ClCompile Include="Hdibapi.cpp">
      <Filter>Source Files</Filter>
    </ClCompile>
    <ClCompile Include="LibDef.cpp">
      <Filter>Source Files</Filter>
    </ClCompile>
    <ClCompile Include="MainFrm.cpp">
      <Filter>Source Files</Filter>
    </ClCompile>
    <ClCompile Include="MaterialDlg.cpp">
      <Filter>Source Files</Filter>
    </ClCompile>
    <ClCompile Include="Splash.cpp">
      <Filter>Source Files</Filter>
    </ClCompile>
    <ClCompile Include="SplitterWndEx.cpp">
      <Filter>Source Files</Filter>
    </ClCompile>
    <ClCompile Include="StdAfx.cpp">
      <Filter>Source Files</Filter>
    </ClCompile>
    <ClCompile Include="UserSurface.cpp">
      <Filter>Source Files</Filter>
    </ClCompile>
    <ClCompile Include="LightDlg.cpp">
      <Filter>Source Files</Filter>
    </ClCompile>
    <ClCompile Include="Light.cpp">
      <Filter>Source Files</Filter>
    </ClCompile>
    <ClCompile Include="COMMAND.Cpp">
      <Filter>Source Files</Filter>
    </ClCompile>
    <ClCompile Include="CREATELINE.CPP">
      <Filter>Source Files</Filter>
    </ClCompile>
  </ItemGroup>
  <ItemGroup>
    <ResourceCompile Include="CadSurf.rc">
      <Filter>Source Files</Filter>
    </ResourceCompile>
  </ItemGroup>
  <ItemGroup>
    <ClInclude Include="CadSurf.h">
      <Filter>Header Files</Filter>
    </ClInclude>
    <ClInclude Include="CadSurfDoc.h">
      <Filter>Header Files</Filter>
    </ClInclude>
    <ClInclude Include="CadSurfView.h">
      <Filter>Header Files</Filter>
    </ClInclude>
    <ClInclude Include="ChildFrm.h">
      <Filter>Header Files</Filter>
    </ClInclude>
    <ClInclude Include="GLDisplayContext.h">
      <Filter>Header Files</Filter>
    </ClInclude>
    <ClInclude Include="GLView.h">
      <Filter>Header Files</Filter>
    </ClInclude>
    <ClInclude Include="GridDlg.h">
      <Filter>Header Files</Filter>
    </ClInclude>
    <ClInclude Include="Hdibapi.h">
      <Filter>Header Files</Filter>
    </ClInclude>
    <ClInclude Include="MainFrm.h">
      <Filter>Header Files</Filter>
    </ClInclude>
    <ClInclude Include="MaterialDlg.h">
      <Filter>Header Files</Filter>
    </ClInclude>
    <ClInclude Include="Resource.h">
      <Filter>Header Files</Filter>
    </ClInclude>
    <ClInclude Include="Splash.h">
      <Filter>Header Files</Filter>
    </ClInclude>
    <ClInclude Include="SplitterWndEx.h">
      <Filter>Header Files</Filter>
    </ClInclude>
    <ClInclude Include="StdAfx.h">
      <Filter>Header Files</Filter>
    </ClInclude>
    <ClInclude Include="UserSurface.h">
      <Filter>Header Files</Filter>
    </ClInclude>
    <ClInclude Include="LightDlg.h">
      <Filter>Header Files</Filter>
    </ClInclude>
    <ClInclude Include="Light.h">
      <Filter>Header Files</Filter>
    </ClInclude>
    <ClInclude Include="COMMAND.H">
      <Filter>Header Files</Filter>
    </ClInclude>
    <ClInclude Include="CREATECMD.H">
      <Filter>Header Files</Filter>
    </ClInclude>
  </ItemGroup>
  <ItemGroup>
    <None Include="res\bmp00001.bmp">
      <Filter>Resource Files</Filter>
    </None>
    <None Include="res\CadSurf.ico">
      <Filter>Resource Files</Filter>
    </None>
    <None Include="res\CadSurf.rc2">
      <Filter>Resource Files</Filter>
    </None>
    <None Include="res\CadSurfDoc.ico">
      <Filter>Resource Files</Filter>
    </None>
    <None Include="res\new_splash.bmp">
      <Filter>Resource Files</Filter>
    </None>
    <None Include="res\new_splash_small.bmp">
      <Filter>Resource Files</Filter>
    </None>
    <None Include="Splsh16.bmp">
      <Filter>Resource Files</Filter>
    </None>
    <None Include="res\tb_geom.bmp">
      <Filter>Resource Files</Filter>
    </None>
    <None Include="res\Toolbar.bmp">
      <Filter>Resource Files</Filter>
    </None>
    <None Include="res\toolbar1.bmp">
      <Filter>Resource Files</Filter>
    </None>
    <None Include="CadSurf.reg" />
    <None Include="default.doxygen" />
    <None Include="ReadMe.txt" />
  </ItemGroup>
</Project>